// !$*UTF8*$!
{
	archiveVersion = 1;
	classes = {
	};
	objectVersion = 55;
	objects = {

/* Begin PBXBuildFile section */
		133F2AD02BF9291F005EF43D /* AppDelegate.m in Sources */ = {isa = PBXBuildFile; fileRef = 133F2ACF2BF9291F005EF43D /* AppDelegate.m */; };
		133F2AD32BF9291F005EF43D /* SceneDelegate.m in Sources */ = {isa = PBXBuildFile; fileRef = 133F2AD22BF9291F005EF43D /* SceneDelegate.m */; };
		133F2AD62BF9291F005EF43D /* ViewController.m in Sources */ = {isa = PBXBuildFile; fileRef = 133F2AD52BF9291F005EF43D /* ViewController.m */; };
		133F2AD92BF9291F005EF43D /* Main.storyboard in Resources */ = {isa = PBXBuildFile; fileRef = 133F2AD72BF9291F005EF43D /* Main.storyboard */; };
		133F2ADB2BF92922005EF43D /* Assets.xcassets in Resources */ = {isa = PBXBuildFile; fileRef = 133F2ADA2BF92922005EF43D /* Assets.xcassets */; };
		133F2ADE2BF92922005EF43D /* LaunchScreen.storyboard in Resources */ = {isa = PBXBuildFile; fileRef = 133F2ADC2BF92922005EF43D /* LaunchScreen.storyboard */; };
		133F2AE12BF92922005EF43D /* main.m in Sources */ = {isa = PBXBuildFile; fileRef = 133F2AE02BF92922005EF43D /* main.m */; };
		73DAEC623FB87738EE93C852 /* Pods_Currency_conversion_app.framework in Frameworks */ = {isa = PBXBuildFile; fileRef = 49F73FFF8E1BAFC75762F7A1 /* Pods_Currency_conversion_app.framework */; };
/* End PBXBuildFile section */

/* Begin PBXFileReference section */
		133F2ACB2BF9291F005EF43D /* Currency-conversion-app.app */ = {isa = PBXFileReference; explicitFileType = wrapper.application; includeInIndex = 0; path = "Currency-conversion-app.app"; sourceTree = BUILT_PRODUCTS_DIR; };
		133F2ACE2BF9291F005EF43D /* AppDelegate.h */ = {isa = PBXFileReference; lastKnownFileType = sourcecode.c.h; path = AppDelegate.h; sourceTree = "<group>"; };
		133F2ACF2BF9291F005EF43D /* AppDelegate.m */ = {isa = PBXFileReference; lastKnownFileType = sourcecode.c.objc; path = AppDelegate.m; sourceTree = "<group>"; };
		133F2AD12BF9291F005EF43D /* SceneDelegate.h */ = {isa = PBXFileReference; lastKnownFileType = sourcecode.c.h; path = SceneDelegate.h; sourceTree = "<group>"; };
		133F2AD22BF9291F005EF43D /* SceneDelegate.m */ = {isa = PBXFileReference; lastKnownFileType = sourcecode.c.objc; path = SceneDelegate.m; sourceTree = "<group>"; };
		133F2AD42BF9291F005EF43D /* ViewController.h */ = {isa = PBXFileReference; lastKnownFileType = sourcecode.c.h; path = ViewController.h; sourceTree = "<group>"; };
		133F2AD52BF9291F005EF43D /* ViewController.m */ = {isa = PBXFileReference; lastKnownFileType = sourcecode.c.objc; path = ViewController.m; sourceTree = "<group>"; };
		133F2AD82BF9291F005EF43D /* Base */ = {isa = PBXFileReference; lastKnownFileType = file.storyboard; name = Base; path = Base.lproj/Main.storyboard; sourceTree = "<group>"; };
		133F2ADA2BF92922005EF43D /* Assets.xcassets */ = {isa = PBXFileReference; lastKnownFileType = folder.assetcatalog; path = Assets.xcassets; sourceTree = "<group>"; };
		133F2ADD2BF92922005EF43D /* Base */ = {isa = PBXFileReference; lastKnownFileType = file.storyboard; name = Base; path = Base.lproj/LaunchScreen.storyboard; sourceTree = "<group>"; };
		133F2ADF2BF92922005EF43D /* Info.plist */ = {isa = PBXFileReference; lastKnownFileType = text.plist.xml; path = Info.plist; sourceTree = "<group>"; };
		133F2AE02BF92922005EF43D /* main.m */ = {isa = PBXFileReference; lastKnownFileType = sourcecode.c.objc; path = main.m; sourceTree = "<group>"; };
		49F73FFF8E1BAFC75762F7A1 /* Pods_Currency_conversion_app.framework */ = {isa = PBXFileReference; explicitFileType = wrapper.framework; includeInIndex = 0; path = Pods_Currency_conversion_app.framework; sourceTree = BUILT_PRODUCTS_DIR; };
		5581D9F76F942AB1975A0352 /* Pods-Currency-conversion-app.release.xcconfig */ = {isa = PBXFileReference; includeInIndex = 1; lastKnownFileType = text.xcconfig; name = "Pods-Currency-conversion-app.release.xcconfig"; path = "Target Support Files/Pods-Currency-conversion-app/Pods-Currency-conversion-app.release.xcconfig"; sourceTree = "<group>"; };
		900BE45E68EBC69F502219D5 /* Pods-Currency-conversion-app.debug.xcconfig */ = {isa = PBXFileReference; includeInIndex = 1; lastKnownFileType = text.xcconfig; name = "Pods-Currency-conversion-app.debug.xcconfig"; path = "Target Support Files/Pods-Currency-conversion-app/Pods-Currency-conversion-app.debug.xcconfig"; sourceTree = "<group>"; };
/* End PBXFileReference section */

/* Begin PBXFrameworksBuildPhase section */
		133F2AC82BF9291F005EF43D /* Frameworks */ = {
			isa = PBXFrameworksBuildPhase;
			buildActionMask = 2147483647;
			files = (
				73DAEC623FB87738EE93C852 /* Pods_Currency_conversion_app.framework in Frameworks */,
			);
			runOnlyForDeploymentPostprocessing = 0;
		};
/* End PBXFrameworksBuildPhase section */

/* Begin PBXGroup section */
		133F2AC22BF9291F005EF43D = {
			isa = PBXGroup;
			children = (
				133F2ACD2BF9291F005EF43D /* Currency-conversion-app */,
				133F2ACC2BF9291F005EF43D /* Products */,
				BC6F389208874933251ABB96 /* Pods */,
				34D86AB774F31028ACA330D9 /* Frameworks */,
			);
			sourceTree = "<group>";
		};
		133F2ACC2BF9291F005EF43D /* Products */ = {
			isa = PBXGroup;
			children = (
				133F2ACB2BF9291F005EF43D /* Currency-conversion-app.app */,
			);
			name = Products;
			sourceTree = "<group>";
		};
		133F2ACD2BF9291F005EF43D /* Currency-conversion-app */ = {
			isa = PBXGroup;
			children = (
				133F2ACE2BF9291F005EF43D /* AppDelegate.h */,
				133F2ACF2BF9291F005EF43D /* AppDelegate.m */,
				133F2AD12BF9291F005EF43D /* SceneDelegate.h */,
				133F2AD22BF9291F005EF43D /* SceneDelegate.m */,
				133F2AD42BF9291F005EF43D /* ViewController.h */,
				133F2AD52BF9291F005EF43D /* ViewController.m */,
				133F2AD72BF9291F005EF43D /* Main.storyboard */,
				133F2ADA2BF92922005EF43D /* Assets.xcassets */,
				133F2ADC2BF92922005EF43D /* LaunchScreen.storyboard */,
				133F2ADF2BF92922005EF43D /* Info.plist */,
				133F2AE02BF92922005EF43D /* main.m */,
			);
			path = "Currency-conversion-app";
			sourceTree = "<group>";
		};
		34D86AB774F31028ACA330D9 /* Frameworks */ = {
			isa = PBXGroup;
			children = (
				49F73FFF8E1BAFC75762F7A1 /* Pods_Currency_conversion_app.framework */,
			);
			name = Frameworks;
			sourceTree = "<group>";
		};
		BC6F389208874933251ABB96 /* Pods */ = {
			isa = PBXGroup;
			children = (
				900BE45E68EBC69F502219D5 /* Pods-Currency-conversion-app.debug.xcconfig */,
				5581D9F76F942AB1975A0352 /* Pods-Currency-conversion-app.release.xcconfig */,
			);
			name = Pods;
			path = Pods;
			sourceTree = "<group>";
		};
/* End PBXGroup section */

/* Begin PBXNativeTarget section */
		133F2ACA2BF9291F005EF43D /* Currency-conversion-app */ = {
			isa = PBXNativeTarget;
			buildConfigurationList = 133F2AE42BF92922005EF43D /* Build configuration list for PBXNativeTarget "Currency-conversion-app" */;
			buildPhases = (
				04D92BE5CE1146E1C3B78CEE /* [CP] Check Pods Manifest.lock */,
				133F2AC72BF9291F005EF43D /* Sources */,
				133F2AC82BF9291F005EF43D /* Frameworks */,
				133F2AC92BF9291F005EF43D /* Resources */,
				5D600970BBFEE7A77A00E07C /* [CP] Embed Pods Frameworks */,
			);
			buildRules = (
			);
			dependencies = (
			);
			name = "Currency-conversion-app";
			productName = "Currency-conversion-app";
			productReference = 133F2ACB2BF9291F005EF43D /* Currency-conversion-app.app */;
			productType = "com.apple.product-type.application";
		};
/* End PBXNativeTarget section */

/* Begin PBXProject section */
		133F2AC32BF9291F005EF43D /* Project object */ = {
			isa = PBXProject;
			attributes = {
				BuildIndependentTargetsInParallel = 1;
				LastUpgradeCheck = 1340;
				TargetAttributes = {
					133F2ACA2BF9291F005EF43D = {
						CreatedOnToolsVersion = 13.4.1;
					};
				};
			};
			buildConfigurationList = 133F2AC62BF9291F005EF43D /* Build configuration list for PBXProject "Currency-conversion-app" */;
			compatibilityVersion = "Xcode 13.0";
			developmentRegion = en;
			hasScannedForEncodings = 0;
			knownRegions = (
				en,
				Base,
			);
			mainGroup = 133F2AC22BF9291F005EF43D;
			productRefGroup = 133F2ACC2BF9291F005EF43D /* Products */;
			projectDirPath = "";
			projectRoot = "";
			targets = (
				133F2ACA2BF9291F005EF43D /* Currency-conversion-app */,
			);
		};
/* End PBXProject section */

/* Begin PBXResourcesBuildPhase section */
		133F2AC92BF9291F005EF43D /* Resources */ = {
			isa = PBXResourcesBuildPhase;
			buildActionMask = 2147483647;
			files = (
				133F2ADE2BF92922005EF43D /* LaunchScreen.storyboard in Resources */,
				133F2ADB2BF92922005EF43D /* Assets.xcassets in Resources */,
				133F2AD92BF9291F005EF43D /* Main.storyboard in Resources */,
			);
			runOnlyForDeploymentPostprocessing = 0;
		};
/* End PBXResourcesBuildPhase section */

/* Begin PBXShellScriptBuildPhase section */
		04D92BE5CE1146E1C3B78CEE /* [CP] Check Pods Manifest.lock */ = {
			isa = PBXShellScriptBuildPhase;
			buildActionMask = 2147483647;
			files = (
			);
			inputFileListPaths = (
			);
			inputPaths = (
				"${PODS_PODFILE_DIR_PATH}/Podfile.lock",
				"${PODS_ROOT}/Manifest.lock",
			);
			name = "[CP] Check Pods Manifest.lock";
			outputFileListPaths = (
			);
			outputPaths = (
				"$(DERIVED_FILE_DIR)/Pods-Currency-conversion-app-checkManifestLockResult.txt",
			);
			runOnlyForDeploymentPostprocessing = 0;
			shellPath = /bin/sh;
			shellScript = "diff \"${PODS_PODFILE_DIR_PATH}/Podfile.lock\" \"${PODS_ROOT}/Manifest.lock\" > /dev/null\nif [ $? != 0 ] ; then\n    # print error to STDERR\n    echo \"error: The sandbox is not in sync with the Podfile.lock. Run 'pod install' or update your CocoaPods installation.\" >&2\n    exit 1\nfi\n# This output is used by Xcode 'outputs' to avoid re-running this script phase.\necho \"SUCCESS\" > \"${SCRIPT_OUTPUT_FILE_0}\"\n";
			showEnvVarsInLog = 0;
		};
		5D600970BBFEE7A77A00E07C /* [CP] Embed Pods Frameworks */ = {
			isa = PBXShellScriptBuildPhase;
			buildActionMask = 2147483647;
			files = (
			);
			inputFileListPaths = (
				"${PODS_ROOT}/Target Support Files/Pods-Currency-conversion-app/Pods-Currency-conversion-app-frameworks-${CONFIGURATION}-input-files.xcfilelist",
			);
			name = "[CP] Embed Pods Frameworks";
			outputFileListPaths = (
				"${PODS_ROOT}/Target Support Files/Pods-Currency-conversion-app/Pods-Currency-conversion-app-frameworks-${CONFIGURATION}-output-files.xcfilelist",
			);
			runOnlyForDeploymentPostprocessing = 0;
			shellPath = /bin/sh;
			shellScript = "\"${PODS_ROOT}/Target Support Files/Pods-Currency-conversion-app/Pods-Currency-conversion-app-frameworks.sh\"\n";
			showEnvVarsInLog = 0;
		};
/* End PBXShellScriptBuildPhase section */

/* Begin PBXSourcesBuildPhase section */
		133F2AC72BF9291F005EF43D /* Sources */ = {
			isa = PBXSourcesBuildPhase;
			buildActionMask = 2147483647;
			files = (
				133F2AD62BF9291F005EF43D /* ViewController.m in Sources */,
				133F2AD02BF9291F005EF43D /* AppDelegate.m in Sources */,
				133F2AE12BF92922005EF43D /* main.m in Sources */,
				133F2AD32BF9291F005EF43D /* SceneDelegate.m in Sources */,
			);
			runOnlyForDeploymentPostprocessing = 0;
		};
/* End PBXSourcesBuildPhase section */

/* Begin PBXVariantGroup section */
		133F2AD72BF9291F005EF43D /* Main.storyboard */ = {
			isa = PBXVariantGroup;
			children = (
				133F2AD82BF9291F005EF43D /* Base */,
			);
			name = Main.storyboard;
			sourceTree = "<group>";
		};
		133F2ADC2BF92922005EF43D /* LaunchScreen.storyboard */ = {
			isa = PBXVariantGroup;
			children = (
				133F2ADD2BF92922005EF43D /* Base */,
			);
			name = LaunchScreen.storyboard;
			sourceTree = "<group>";
		};
/* End PBXVariantGroup section */

/* Begin XCBuildConfiguration section */
		133F2AE22BF92922005EF43D /* Debug */ = {
			isa = XCBuildConfiguration;
			buildSettings = {
				ALWAYS_SEARCH_USER_PATHS = NO;
				CLANG_ANALYZER_NONNULL = YES;
				CLANG_ANALYZER_NUMBER_OBJECT_CONVERSION = YES_AGGRESSIVE;
				CLANG_CXX_LANGUAGE_STANDARD = "gnu++17";
				CLANG_ENABLE_MODULES = YES;
				CLANG_ENABLE_OBJC_ARC = YES;
				CLANG_ENABLE_OBJC_WEAK = YES;
				CLANG_WARN_BLOCK_CAPTURE_AUTORELEASING = YES;
				CLANG_WARN_BOOL_CONVERSION = YES;
				CLANG_WARN_COMMA = YES;
				CLANG_WARN_CONSTANT_CONVERSION = YES;
				CLANG_WARN_DEPRECATED_OBJC_IMPLEMENTATIONS = YES;
				CLANG_WARN_DIRECT_OBJC_ISA_USAGE = YES_ERROR;
				CLANG_WARN_DOCUMENTATION_COMMENTS = YES;
				CLANG_WARN_EMPTY_BODY = YES;
				CLANG_WARN_ENUM_CONVERSION = YES;
				CLANG_WARN_INFINITE_RECURSION = YES;
				CLANG_WARN_INT_CONVERSION = YES;
				CLANG_WARN_NON_LITERAL_NULL_CONVERSION = YES;
				CLANG_WARN_OBJC_IMPLICIT_RETAIN_SELF = YES;
				CLANG_WARN_OBJC_LITERAL_CONVERSION = YES;
				CLANG_WARN_OBJC_ROOT_CLASS = YES_ERROR;
				CLANG_WARN_QUOTED_INCLUDE_IN_FRAMEWORK_HEADER = YES;
				CLANG_WARN_RANGE_LOOP_ANALYSIS = YES;
				CLANG_WARN_STRICT_PROTOTYPES = YES;
				CLANG_WARN_SUSPICIOUS_MOVE = YES;
				CLANG_WARN_UNGUARDED_AVAILABILITY = YES_AGGRESSIVE;
				CLANG_WARN_UNREACHABLE_CODE = YES;
				CLANG_WARN__DUPLICATE_METHOD_MATCH = YES;
				COPY_PHASE_STRIP = NO;
				DEBUG_INFORMATION_FORMAT = dwarf;
				ENABLE_STRICT_OBJC_MSGSEND = YES;
				ENABLE_TESTABILITY = YES;
				GCC_C_LANGUAGE_STANDARD = gnu11;
				GCC_DYNAMIC_NO_PIC = NO;
				GCC_NO_COMMON_BLOCKS = YES;
				GCC_OPTIMIZATION_LEVEL = 0;
				GCC_PREPROCESSOR_DEFINITIONS = (
					"DEBUG=1",
					"$(inherited)",
				);
				GCC_WARN_64_TO_32_BIT_CONVERSION = YES;
				GCC_WARN_ABOUT_RETURN_TYPE = YES_ERROR;
				GCC_WARN_UNDECLARED_SELECTOR = YES;
				GCC_WARN_UNINITIALIZED_AUTOS = YES_AGGRESSIVE;
				GCC_WARN_UNUSED_FUNCTION = YES;
				GCC_WARN_UNUSED_VARIABLE = YES;
				IPHONEOS_DEPLOYMENT_TARGET = 15.5;
				MTL_ENABLE_DEBUG_INFO = INCLUDE_SOURCE;
				MTL_FAST_MATH = YES;
				ONLY_ACTIVE_ARCH = YES;
				SDKROOT = iphoneos;
			};
			name = Debug;
		};
		133F2AE32BF92922005EF43D /* Release */ = {
			isa = XCBuildConfiguration;
			buildSettings = {
				ALWAYS_SEARCH_USER_PATHS = NO;
				CLANG_ANALYZER_NONNULL = YES;
				CLANG_ANALYZER_NUMBER_OBJECT_CONVERSION = YES_AGGRESSIVE;
				CLANG_CXX_LANGUAGE_STANDARD = "gnu++17";
				CLANG_ENABLE_MODULES = YES;
				CLANG_ENABLE_OBJC_ARC = YES;
				CLANG_ENABLE_OBJC_WEAK = YES;
				CLANG_WARN_BLOCK_CAPTURE_AUTORELEASING = YES;
				CLANG_WARN_BOOL_CONVERSION = YES;
				CLANG_WARN_COMMA = YES;
				CLANG_WARN_CONSTANT_CONVERSION = YES;
				CLANG_WARN_DEPRECATED_OBJC_IMPLEMENTATIONS = YES;
				CLANG_WARN_DIRECT_OBJC_ISA_USAGE = YES_ERROR;
				CLANG_WARN_DOCUMENTATION_COMMENTS = YES;
				CLANG_WARN_EMPTY_BODY = YES;
				CLANG_WARN_ENUM_CONVERSION = YES;
				CLANG_WARN_INFINITE_RECURSION = YES;
				CLANG_WARN_INT_CONVERSION = YES;
				CLANG_WARN_NON_LITERAL_NULL_CONVERSION = YES;
				CLANG_WARN_OBJC_IMPLICIT_RETAIN_SELF = YES;
				CLANG_WARN_OBJC_LITERAL_CONVERSION = YES;
				CLANG_WARN_OBJC_ROOT_CLASS = YES_ERROR;
				CLANG_WARN_QUOTED_INCLUDE_IN_FRAMEWORK_HEADER = YES;
				CLANG_WARN_RANGE_LOOP_ANALYSIS = YES;
				CLANG_WARN_STRICT_PROTOTYPES = YES;
				CLANG_WARN_SUSPICIOUS_MOVE = YES;
				CLANG_WARN_UNGUARDED_AVAILABILITY = YES_AGGRESSIVE;
				CLANG_WARN_UNREACHABLE_CODE = YES;
				CLANG_WARN__DUPLICATE_METHOD_MATCH = YES;
				COPY_PHASE_STRIP = NO;
				DEBUG_INFORMATION_FORMAT = "dwarf-with-dsym";
				ENABLE_NS_ASSERTIONS = NO;
				ENABLE_STRICT_OBJC_MSGSEND = YES;
				GCC_C_LANGUAGE_STANDARD = gnu11;
				GCC_NO_COMMON_BLOCKS = YES;
				GCC_WARN_64_TO_32_BIT_CONVERSION = YES;
				GCC_WARN_ABOUT_RETURN_TYPE = YES_ERROR;
				GCC_WARN_UNDECLARED_SELECTOR = YES;
				GCC_WARN_UNINITIALIZED_AUTOS = YES_AGGRESSIVE;
				GCC_WARN_UNUSED_FUNCTION = YES;
				GCC_WARN_UNUSED_VARIABLE = YES;
				IPHONEOS_DEPLOYMENT_TARGET = 15.5;
				MTL_ENABLE_DEBUG_INFO = NO;
				MTL_FAST_MATH = YES;
				SDKROOT = iphoneos;
				VALIDATE_PRODUCT = YES;
			};
			name = Release;
		};
		133F2AE52BF92922005EF43D /* Debug */ = {
			isa = XCBuildConfiguration;
			baseConfigurationReference = 900BE45E68EBC69F502219D5 /* Pods-Currency-conversion-app.debug.xcconfig */;
			buildSettings = {
				ASSETCATALOG_COMPILER_APPICON_NAME = AppIcon;
				ASSETCATALOG_COMPILER_GLOBAL_ACCENT_COLOR_NAME = AccentColor;
				CODE_SIGN_STYLE = Automatic;
				CURRENT_PROJECT_VERSION = 1;
				DEVELOPMENT_TEAM = 6X6NB7FQT7;
				GENERATE_INFOPLIST_FILE = YES;
				INFOPLIST_FILE = "Currency-conversion-app/Info.plist";
				INFOPLIST_KEY_UIApplicationSupportsIndirectInputEvents = YES;
				INFOPLIST_KEY_UILaunchStoryboardName = LaunchScreen;
				INFOPLIST_KEY_UIMainStoryboardFile = Main;
				INFOPLIST_KEY_UISupportedInterfaceOrientations_iPad = "UIInterfaceOrientationPortrait UIInterfaceOrientationPortraitUpsideDown UIInterfaceOrientationLandscapeLeft UIInterfaceOrientationLandscapeRight";
				INFOPLIST_KEY_UISupportedInterfaceOrientations_iPhone = "UIInterfaceOrientationPortrait UIInterfaceOrientationLandscapeLeft UIInterfaceOrientationLandscapeRight";
				LD_RUNPATH_SEARCH_PATHS = (
					"$(inherited)",
					"@executable_path/Frameworks",
				);
				MARKETING_VERSION = 1.0;
				PRODUCT_BUNDLE_IDENTIFIER = "uab.Currency-conversion-app";
				PRODUCT_NAME = "$(TARGET_NAME)";
				SWIFT_EMIT_LOC_STRINGS = YES;
				TARGETED_DEVICE_FAMILY = "1,2";
			};
			name = Debug;
		};
		133F2AE62BF92922005EF43D /* Release */ = {
			isa = XCBuildConfiguration;
			baseConfigurationReference = 5581D9F76F942AB1975A0352 /* Pods-Currency-conversion-app.release.xcconfig */;
			buildSettings = {
				ASSETCATALOG_COMPILER_APPICON_NAME = AppIcon;
				ASSETCATALOG_COMPILER_GLOBAL_ACCENT_COLOR_NAME = AccentColor;
				CODE_SIGN_STYLE = Automatic;
				CURRENT_PROJECT_VERSION = 1;
				DEVELOPMENT_TEAM = 6X6NB7FQT7;
				GENERATE_INFOPLIST_FILE = YES;
				INFOPLIST_FILE = "Currency-conversion-app/Info.plist";
				INFOPLIST_KEY_UIApplicationSupportsIndirectInputEvents = YES;
				INFOPLIST_KEY_UILaunchStoryboardName = LaunchScreen;
				INFOPLIST_KEY_UIMainStoryboardFile = Main;
				INFOPLIST_KEY_UISupportedInterfaceOrientations_iPad = "UIInterfaceOrientationPortrait UIInterfaceOrientationPortraitUpsideDown UIInterfaceOrientationLandscapeLeft UIInterfaceOrientationLandscapeRight";
				INFOPLIST_KEY_UISupportedInterfaceOrientations_iPhone = "UIInterfaceOrientationPortrait UIInterfaceOrientationLandscapeLeft UIInterfaceOrientationLandscapeRight";
				LD_RUNPATH_SEARCH_PATHS = (
					"$(inherited)",
					"@executable_path/Frameworks",
				);
				MARKETING_VERSION = 1.0;
				PRODUCT_BUNDLE_IDENTIFIER = "uab.Currency-conversion-app";
				PRODUCT_NAME = "$(TARGET_NAME)";
				SWIFT_EMIT_LOC_STRINGS = YES;
				TARGETED_DEVICE_FAMILY = "1,2";
			};
			name = Release;
		};
/* End XCBuildConfiguration section */

/* Begin XCConfigurationList section */
		133F2AC62BF9291F005EF43D /* Build configuration list for PBXProject "Currency-conversion-app" */ = {
			isa = XCConfigurationList;
			buildConfigurations = (
				133F2AE22BF92922005EF43D /* Debug */,
				133F2AE32BF92922005EF43D /* Release */,
			);
			defaultConfigurationIsVisible = 0;
			defaultConfigurationName = Release;
		};
		133F2AE42BF92922005EF43D /* Build configuration list for PBXNativeTarget "Currency-conversion-app" */ = {
			isa = XCConfigurationList;
			buildConfigurations = (
				133F2AE52BF92922005EF43D /* Debug */,
				133F2AE62BF92922005EF43D /* Release */,
			);
			defaultConfigurationIsVisible = 0;
			defaultConfigurationName = Release;
		};
/* End XCConfigurationList section */
	};
	rootObject = 133F2AC32BF9291F005EF43D /* Project object */;
}
